{
  "name": "ghostcypress",
  "version": "1.0.0",
  "lockfileVersion": 1,
  "requires": true,
  "dependencies": {
    "@faker-js/faker": {
      "version": "6.3.1",
      "resolved": "https://registry.npmjs.org/@faker-js/faker/-/faker-6.3.1.tgz",
      "integrity": "sha512-8YXBE2ZcU/pImVOHX7MWrSR/X5up7t6rPWZlk34RwZEcdr3ua6X+32pSd6XuOQRN+vbuvYNfA6iey8NbrjuMFQ==",
      "dev": true
    },
    "cypress-each": {
      "version": "1.11.0",
      "resolved": "https://registry.npmjs.org/cypress-each/-/cypress-each-1.11.0.tgz",
      "integrity": "sha512-zeqeQkppPL6BKLIJdfR5IUoZRrxRudApJapnFzWCkkrmefQSqdlBma2fzhmniSJ3TRhxe5xpK3W3/l8aCrHvwQ=="
    },
    "cypress-iframe": {
      "version": "1.0.1",
      "resolved": "https://registry.npmjs.org/cypress-iframe/-/cypress-iframe-1.0.1.tgz",
      "integrity": "sha512-Ne+xkZmWMhfq3x6wbfzK/SzsVTCrJru3R3cLXsoSAZyfUtJDamXyaIieHXeea3pQDXF4wE2w4iUuvCYHhoD31g=="
    },
    "cypress-xpath": {
      "version": "1.6.2",
      "resolved": "https://registry.npmjs.org/cypress-xpath/-/cypress-xpath-1.6.2.tgz",
      "integrity": "sha512-mtwJPl840GQPGtb480fKR5vDIcijBHhAVwby5/AIPIT/UVT7UJhM2L42/R+venR7N01I0PoOJErb6UiMbCyUxg=="
    },
    "faker": {
      "version": "6.6.6",
      "resolved": "https://registry.npmjs.org/faker/-/faker-6.6.6.tgz",
      "integrity": "sha512-9tCqYEDHI5RYFQigXFwF1hnCwcWCOJl/hmll0lr5D2Ljjb0o4wphb69wikeJDz5qCEzXCoPvG6ss5SDP6IfOdg==",
      "dev": true
    }
  }
}
